
Microsoft Visual Studio Solution File, Format Version 12.00
# Visual Studio Version 17
VisualStudioVersion = 17.11.35327.3
MinimumVisualStudioVersion = 10.0.40219.1
Project("{9A19103F-16F7-4668-BE54-9A1E7A4F7556}") = "Ejercicio1", "Ejercicio1\Ejercicio1.csproj", "{B8E35E22-E7B7-4927-ABC7-AE37B7BF4861}"
EndProject
Project("{FAE04EC0-301F-11D3-BF4B-00C04F79EFBC}") = "Ejercicio2", "Ejercicio2\Ejercicio2.csproj", "{050AA720-8074-4A59-A876-3B42FDD1F464}"
EndProject
Global
	GlobalSection(SolutionConfigurationPlatforms) = preSolution
		Debug|Any CPU = Debug|Any CPU
		Release|Any CPU = Release|Any CPU
	EndGlobalSection
	GlobalSection(ProjectConfigurationPlatforms) = postSolution
		{B8E35E22-E7B7-4927-ABC7-AE37B7BF4861}.Debug|Any CPU.ActiveCfg = Debug|Any CPU
		{B8E35E22-E7B7-4927-ABC7-AE37B7BF4861}.Debug|Any CPU.Build.0 = Debug|Any CPU
		{B8E35E22-E7B7-4927-ABC7-AE37B7BF4861}.Release|Any CPU.ActiveCfg = Release|Any CPU
		{B8E35E22-E7B7-4927-ABC7-AE37B7BF4861}.Release|Any CPU.Build.0 = Release|Any CPU
		{050AA720-8074-4A59-A876-3B42FDD1F464}.Debug|Any CPU.ActiveCfg = Debug|Any CPU
		{050AA720-8074-4A59-A876-3B42FDD1F464}.Debug|Any CPU.Build.0 = Debug|Any CPU
		{050AA720-8074-4A59-A876-3B42FDD1F464}.Debug|Any CPU.Deploy.0 = Debug|Any CPU
		{050AA720-8074-4A59-A876-3B42FDD1F464}.Release|Any CPU.ActiveCfg = Release|Any CPU
		{050AA720-8074-4A59-A876-3B42FDD1F464}.Release|Any CPU.Build.0 = Release|Any CPU
		{050AA720-8074-4A59-A876-3B42FDD1F464}.Release|Any CPU.Deploy.0 = Release|Any CPU
	EndGlobalSection
	GlobalSection(SolutionProperties) = preSolution
		HideSolutionNode = FALSE
	EndGlobalSection
	GlobalSection(ExtensibilityGlobals) = postSolution
		SolutionGuid = {751454E6-4534-4911-824F-2E88066C5191}
	EndGlobalSection
EndGlobal
