
Microsoft Visual Studio Solution File, Format Version 12.00
# Visual Studio Version 17
VisualStudioVersion = 17.11.35431.28
MinimumVisualStudioVersion = 10.0.40219.1
Project("{FAE04EC0-301F-11D3-BF4B-00C04F79EFBC}") = "ExamenASP", "ExamenDEINTenASP\ExamenASP.csproj", "{7F55B82B-B40D-4301-80B8-833FAC3291D8}"
EndProject
Project("{FAE04EC0-301F-11D3-BF4B-00C04F79EFBC}") = "ExamenBL", "ExamenBL\ExamenBL.csproj", "{AB91BE38-98E8-4067-BBCB-89090262A95F}"
EndProject
Project("{FAE04EC0-301F-11D3-BF4B-00C04F79EFBC}") = "ExamenDAL", "ExamenDAL\ExamenDAL.csproj", "{C7849034-21AC-43E5-8EBE-F05424E7CFFB}"
EndProject
Project("{FAE04EC0-301F-11D3-BF4B-00C04F79EFBC}") = "ExamenENT", "ExamenENT\ExamenENT.csproj", "{04B940A6-6105-4149-AC85-57B46EF405ED}"
EndProject
Global
	GlobalSection(SolutionConfigurationPlatforms) = preSolution
		Debug|Any CPU = Debug|Any CPU
		Release|Any CPU = Release|Any CPU
	EndGlobalSection
	GlobalSection(ProjectConfigurationPlatforms) = postSolution
		{7F55B82B-B40D-4301-80B8-833FAC3291D8}.Debug|Any CPU.ActiveCfg = Debug|Any CPU
		{7F55B82B-B40D-4301-80B8-833FAC3291D8}.Debug|Any CPU.Build.0 = Debug|Any CPU
		{7F55B82B-B40D-4301-80B8-833FAC3291D8}.Release|Any CPU.ActiveCfg = Release|Any CPU
		{7F55B82B-B40D-4301-80B8-833FAC3291D8}.Release|Any CPU.Build.0 = Release|Any CPU
		{AB91BE38-98E8-4067-BBCB-89090262A95F}.Debug|Any CPU.ActiveCfg = Debug|Any CPU
		{AB91BE38-98E8-4067-BBCB-89090262A95F}.Debug|Any CPU.Build.0 = Debug|Any CPU
		{AB91BE38-98E8-4067-BBCB-89090262A95F}.Release|Any CPU.ActiveCfg = Release|Any CPU
		{AB91BE38-98E8-4067-BBCB-89090262A95F}.Release|Any CPU.Build.0 = Release|Any CPU
		{C7849034-21AC-43E5-8EBE-F05424E7CFFB}.Debug|Any CPU.ActiveCfg = Debug|Any CPU
		{C7849034-21AC-43E5-8EBE-F05424E7CFFB}.Debug|Any CPU.Build.0 = Debug|Any CPU
		{C7849034-21AC-43E5-8EBE-F05424E7CFFB}.Release|Any CPU.ActiveCfg = Release|Any CPU
		{C7849034-21AC-43E5-8EBE-F05424E7CFFB}.Release|Any CPU.Build.0 = Release|Any CPU
		{04B940A6-6105-4149-AC85-57B46EF405ED}.Debug|Any CPU.ActiveCfg = Debug|Any CPU
		{04B940A6-6105-4149-AC85-57B46EF405ED}.Debug|Any CPU.Build.0 = Debug|Any CPU
		{04B940A6-6105-4149-AC85-57B46EF405ED}.Release|Any CPU.ActiveCfg = Release|Any CPU
		{04B940A6-6105-4149-AC85-57B46EF405ED}.Release|Any CPU.Build.0 = Release|Any CPU
	EndGlobalSection
	GlobalSection(SolutionProperties) = preSolution
		HideSolutionNode = FALSE
	EndGlobalSection
	GlobalSection(ExtensibilityGlobals) = postSolution
		SolutionGuid = {CC057D7F-FA10-43A6-BEA4-87BB2B7A4BED}
	EndGlobalSection
EndGlobal
