
Microsoft Visual Studio Solution File, Format Version 12.00
# Visual Studio Version 17
VisualStudioVersion = 17.11.35327.3
MinimumVisualStudioVersion = 10.0.40219.1
Project("{FAE04EC0-301F-11D3-BF4B-00C04F79EFBC}") = "EjercicioT8Final", "EjercicioT8Final\EjercicioT8Final.csproj", "{A72A1EBC-FD8D-4CB3-87C6-FFB86C40DD1E}"
EndProject
Global
	GlobalSection(SolutionConfigurationPlatforms) = preSolution
		Debug|Any CPU = Debug|Any CPU
		Release|Any CPU = Release|Any CPU
	EndGlobalSection
	GlobalSection(ProjectConfigurationPlatforms) = postSolution
		{A72A1EBC-FD8D-4CB3-87C6-FFB86C40DD1E}.Debug|Any CPU.ActiveCfg = Debug|Any CPU
		{A72A1EBC-FD8D-4CB3-87C6-FFB86C40DD1E}.Debug|Any CPU.Build.0 = Debug|Any CPU
		{A72A1EBC-FD8D-4CB3-87C6-FFB86C40DD1E}.Release|Any CPU.ActiveCfg = Release|Any CPU
		{A72A1EBC-FD8D-4CB3-87C6-FFB86C40DD1E}.Release|Any CPU.Build.0 = Release|Any CPU
	EndGlobalSection
	GlobalSection(SolutionProperties) = preSolution
		HideSolutionNode = FALSE
	EndGlobalSection
	GlobalSection(ExtensibilityGlobals) = postSolution
		SolutionGuid = {30D4E422-6EF0-40E0-91FB-D77E31DD804F}
	EndGlobalSection
EndGlobal
