
Microsoft Visual Studio Solution File, Format Version 12.00
# Visual Studio Version 17
VisualStudioVersion = 17.11.35327.3
MinimumVisualStudioVersion = 10.0.40219.1
Project("{9A19103F-16F7-4668-BE54-9A1E7A4F7556}") = "Ejercicio1", "EjerciciosTema7\Ejercicio1.csproj", "{648ABF50-D813-4B76-8EC9-B554C986936F}"
EndProject
Project("{9A19103F-16F7-4668-BE54-9A1E7A4F7556}") = "Ejercicio2", "Ejercicio2\Ejercicio2.csproj", "{18855E4F-1557-4C80-A807-36750D26A204}"
EndProject
Project("{FAE04EC0-301F-11D3-BF4B-00C04F79EFBC}") = "Ejercicio4", "Ejercicio4\Ejercicio4.csproj", "{8CC437BA-4795-496E-A7E8-2334115EAE2A}"
EndProject
Global
	GlobalSection(SolutionConfigurationPlatforms) = preSolution
		Debug|Any CPU = Debug|Any CPU
		Release|Any CPU = Release|Any CPU
	EndGlobalSection
	GlobalSection(ProjectConfigurationPlatforms) = postSolution
		{648ABF50-D813-4B76-8EC9-B554C986936F}.Debug|Any CPU.ActiveCfg = Debug|Any CPU
		{648ABF50-D813-4B76-8EC9-B554C986936F}.Debug|Any CPU.Build.0 = Debug|Any CPU
		{648ABF50-D813-4B76-8EC9-B554C986936F}.Release|Any CPU.ActiveCfg = Release|Any CPU
		{648ABF50-D813-4B76-8EC9-B554C986936F}.Release|Any CPU.Build.0 = Release|Any CPU
		{18855E4F-1557-4C80-A807-36750D26A204}.Debug|Any CPU.ActiveCfg = Debug|Any CPU
		{18855E4F-1557-4C80-A807-36750D26A204}.Debug|Any CPU.Build.0 = Debug|Any CPU
		{18855E4F-1557-4C80-A807-36750D26A204}.Release|Any CPU.ActiveCfg = Release|Any CPU
		{18855E4F-1557-4C80-A807-36750D26A204}.Release|Any CPU.Build.0 = Release|Any CPU
		{8CC437BA-4795-496E-A7E8-2334115EAE2A}.Debug|Any CPU.ActiveCfg = Debug|Any CPU
		{8CC437BA-4795-496E-A7E8-2334115EAE2A}.Debug|Any CPU.Build.0 = Debug|Any CPU
		{8CC437BA-4795-496E-A7E8-2334115EAE2A}.Release|Any CPU.ActiveCfg = Release|Any CPU
		{8CC437BA-4795-496E-A7E8-2334115EAE2A}.Release|Any CPU.Build.0 = Release|Any CPU
	EndGlobalSection
	GlobalSection(SolutionProperties) = preSolution
		HideSolutionNode = FALSE
	EndGlobalSection
	GlobalSection(ExtensibilityGlobals) = postSolution
		SolutionGuid = {6BD1A78A-54D2-4DC1-8329-650981C56F02}
	EndGlobalSection
EndGlobal
